
Microsoft Visual Studio Solution File, Format Version 12.00
# Visual Studio Version 17
VisualStudioVersion = 17.5.33627.172
MinimumVisualStudioVersion = 10.0.40219.1
Project("{FAE04EC0-301F-11D3-BF4B-00C04F79EFBC}") = "StudentInfo.API", "StudentInfo.API\StudentInfo.API.csproj", "{1CBDA68A-C52F-4410-B206-302465060BD5}"
EndProject
Global
	GlobalSection(SolutionConfigurationPlatforms) = preSolution
		Debug|Any CPU = Debug|Any CPU
		Release|Any CPU = Release|Any CPU
	EndGlobalSection
	GlobalSection(ProjectConfigurationPlatforms) = postSolution
		{1CBDA68A-C52F-4410-B206-302465060BD5}.Debug|Any CPU.ActiveCfg = Debug|Any CPU
		{1CBDA68A-C52F-4410-B206-302465060BD5}.Debug|Any CPU.Build.0 = Debug|Any CPU
		{1CBDA68A-C52F-4410-B206-302465060BD5}.Release|Any CPU.ActiveCfg = Release|Any CPU
		{1CBDA68A-C52F-4410-B206-302465060BD5}.Release|Any CPU.Build.0 = Release|Any CPU
	EndGlobalSection
	GlobalSection(SolutionProperties) = preSolution
		HideSolutionNode = FALSE
	EndGlobalSection
	GlobalSection(ExtensibilityGlobals) = postSolution
		SolutionGuid = {24E5C3D3-489C-4A83-B444-8A2F78A11571}
	EndGlobalSection
EndGlobal
